
Microsoft Visual Studio Solution File, Format Version 12.00
# Visual Studio Version 17
VisualStudioVersion = 17.0.31903.59
MinimumVisualStudioVersion = 10.0.40219.1
Project("{2150E333-8FDC-42A3-9474-1A3956D46DE8}") = "src", "src", "{A9AC2031-FFD2-4EAF-A5FF-4A691AC9165D}"
EndProject
Project("{FAE04EC0-301F-11D3-BF4B-00C04F79EFBC}") = "Nzr.Mson", "src\Nzr.Mson\Nzr.Mson.csproj", "{86038AD2-F957-413B-87D7-1B16105929D8}"
EndProject
Project("{2150E333-8FDC-42A3-9474-1A3956D46DE8}") = "test", "test", "{524E02CA-F8CA-44A0-BC32-DC8DC9EB0D08}"
EndProject
Project("{FAE04EC0-301F-11D3-BF4B-00C04F79EFBC}") = "Nzr.Mson.Tests", "test\Nzr.Mson.Tests\Nzr.Mson.Tests.csproj", "{DC027775-5E1A-438F-A37C-571F13331FB7}"
EndProject
Global
	GlobalSection(SolutionConfigurationPlatforms) = preSolution
		Debug|Any CPU = Debug|Any CPU
		Release|Any CPU = Release|Any CPU
	EndGlobalSection
	GlobalSection(SolutionProperties) = preSolution
		HideSolutionNode = FALSE
	EndGlobalSection
	GlobalSection(ProjectConfigurationPlatforms) = postSolution
		{86038AD2-F957-413B-87D7-1B16105929D8}.Debug|Any CPU.ActiveCfg = Debug|Any CPU
		{86038AD2-F957-413B-87D7-1B16105929D8}.Debug|Any CPU.Build.0 = Debug|Any CPU
		{86038AD2-F957-413B-87D7-1B16105929D8}.Release|Any CPU.ActiveCfg = Release|Any CPU
		{86038AD2-F957-413B-87D7-1B16105929D8}.Release|Any CPU.Build.0 = Release|Any CPU
		{DC027775-5E1A-438F-A37C-571F13331FB7}.Debug|Any CPU.ActiveCfg = Debug|Any CPU
		{DC027775-5E1A-438F-A37C-571F13331FB7}.Debug|Any CPU.Build.0 = Debug|Any CPU
		{DC027775-5E1A-438F-A37C-571F13331FB7}.Release|Any CPU.ActiveCfg = Release|Any CPU
		{DC027775-5E1A-438F-A37C-571F13331FB7}.Release|Any CPU.Build.0 = Release|Any CPU
	EndGlobalSection
	GlobalSection(NestedProjects) = preSolution
		{86038AD2-F957-413B-87D7-1B16105929D8} = {A9AC2031-FFD2-4EAF-A5FF-4A691AC9165D}
		{DC027775-5E1A-438F-A37C-571F13331FB7} = {524E02CA-F8CA-44A0-BC32-DC8DC9EB0D08}
	EndGlobalSection
EndGlobal
